
Microsoft Visual Studio Solution File, Format Version 12.00
Project("{FAE04EC0-301F-11D3-BF4B-00C04F79EFBC}") = "PasswordValidatorTests", "PasswordValidatorTests\PasswordValidatorTests.csproj", "{6C699C59-980F-4CC1-8F2B-CEF7DB2294F8}"
EndProject
Project("{FAE04EC0-301F-11D3-BF4B-00C04F79EFBC}") = "PasswordValidatorImplementation", "PasswordValidatorImplementation\PasswordValidatorImplementation.csproj", "{61EE44EE-8348-4F0D-9B9C-130AF724C9E8}"
EndProject
Global
	GlobalSection(SolutionConfigurationPlatforms) = preSolution
		Debug|Any CPU = Debug|Any CPU
		Release|Any CPU = Release|Any CPU
	EndGlobalSection
	GlobalSection(ProjectConfigurationPlatforms) = postSolution
		{6C699C59-980F-4CC1-8F2B-CEF7DB2294F8}.Debug|Any CPU.ActiveCfg = Debug|Any CPU
		{6C699C59-980F-4CC1-8F2B-CEF7DB2294F8}.Debug|Any CPU.Build.0 = Debug|Any CPU
		{6C699C59-980F-4CC1-8F2B-CEF7DB2294F8}.Release|Any CPU.ActiveCfg = Release|Any CPU
		{6C699C59-980F-4CC1-8F2B-CEF7DB2294F8}.Release|Any CPU.Build.0 = Release|Any CPU
		{61EE44EE-8348-4F0D-9B9C-130AF724C9E8}.Debug|Any CPU.ActiveCfg = Debug|Any CPU
		{61EE44EE-8348-4F0D-9B9C-130AF724C9E8}.Debug|Any CPU.Build.0 = Debug|Any CPU
		{61EE44EE-8348-4F0D-9B9C-130AF724C9E8}.Release|Any CPU.ActiveCfg = Release|Any CPU
		{61EE44EE-8348-4F0D-9B9C-130AF724C9E8}.Release|Any CPU.Build.0 = Release|Any CPU
	EndGlobalSection
EndGlobal
